PODS:
  - FaceCoreBasic (6.4.1111)
  - FaceSDK (6.4.2321):
    - RegulaCommon (= 7.5.935)
  - Flutter (1.0.0)
  - flutter_face_api (6.5.86):
    - FaceSDK (= 6.4.2321)
    - Flutter
  - flutter_face_core_basic (6.4.242):
    - FaceCoreBasic (= 6.4.1111)
    - Flutter
  - image_picker_ios (0.0.1):
    - Flutter
  - path_provider_foundation (0.0.1):
    - Flutter
    - FlutterMacOS
  - RegulaCommon (7.5.935)

DEPENDENCIES:
  - Flutter (from `Flutter`)
  - flutter_face_api (from `.symlinks/plugins/flutter_face_api/ios`)
  - flutter_face_core_basic (from `.symlinks/plugins/flutter_face_core_basic/ios`)
  - image_picker_ios (from `.symlinks/plugins/image_picker_ios/ios`)
  - path_provider_foundation (from `.symlinks/plugins/path_provider_foundation/darwin`)

SPEC REPOS:
  https://github.com/CocoaPods/Specs.git:
    - FaceCoreBasic
    - FaceSDK
    - RegulaCommon

EXTERNAL SOURCES:
  Flutter:
    :path: Flutter
  flutter_face_api:
    :path: ".symlinks/plugins/flutter_face_api/ios"
  flutter_face_core_basic:
    :path: ".symlinks/plugins/flutter_face_core_basic/ios"
  image_picker_ios:
    :path: ".symlinks/plugins/image_picker_ios/ios"
  path_provider_foundation:
    :path: ".symlinks/plugins/path_provider_foundation/darwin"

SPEC CHECKSUMS:
  FaceCoreBasic: a2ff9ed108c4d9d67e892df6be5ccc4729f3cda5
  FaceSDK: e96016e36d5507ad9d9ee3b011d735f5fe51829f
  Flutter: e0871f40cf51350855a761d2e70bf5af5b9b5de7
  flutter_face_api: f9903d8c0668f667fa8dbdd2a135916c3a65d5a9
  flutter_face_core_basic: 742c0885871401f4d2b57080c127b073399fc9f0
  image_picker_ios: 7fe1ff8e34c1790d6fff70a32484959f563a928a
  path_provider_foundation: 080d55be775b7414fd5a5ef3ac137b97b097e564
  RegulaCommon: 2a6406d2d3ebbd720b66a9cfa5b9631701d343eb

PODFILE CHECKSUM: ecf507c2691ab0886f78ec2798fd8eeb40674c15

COCOAPODS: 1.16.2
